
Microsoft Visual Studio Solution File, Format Version 12.00
# Visual Studio 2013
VisualStudioVersion = 12.0.30501.0
MinimumVisualStudioVersion = 10.0.40219.1
Project("{FAE04EC0-301F-11D3-BF4B-00C04F79EFBC}") = "DesignPatterns", "DesignPatterns.csproj", "{07E308C8-61D7-4542-B8EC-CBAF1130431C}"
EndProject
Project("{FAE04EC0-301F-11D3-BF4B-00C04F79EFBC}") = "ObjectPool", "..\ObjectPool\ObjectPool.csproj", "{FCD6C897-DA6F-4B9A-AE3D-CEECFB33843E}"
EndProject
Project("{FAE04EC0-301F-11D3-BF4B-00C04F79EFBC}") = "FlyweightPool", "..\FlyweightPool\FlyweightPool.csproj", "{B1C1E66D-2168-4D61-B2FA-23BC64133A7F}"
EndProject
Global
	GlobalSection(SolutionConfigurationPlatforms) = preSolution
		Debug|Any CPU = Debug|Any CPU
		Release|Any CPU = Release|Any CPU
	EndGlobalSection
	GlobalSection(ProjectConfigurationPlatforms) = postSolution
		{07E308C8-61D7-4542-B8EC-CBAF1130431C}.Debug|Any CPU.ActiveCfg = Debug|Any CPU
		{07E308C8-61D7-4542-B8EC-CBAF1130431C}.Debug|Any CPU.Build.0 = Debug|Any CPU
		{07E308C8-61D7-4542-B8EC-CBAF1130431C}.Release|Any CPU.ActiveCfg = Release|Any CPU
		{07E308C8-61D7-4542-B8EC-CBAF1130431C}.Release|Any CPU.Build.0 = Release|Any CPU
		{FCD6C897-DA6F-4B9A-AE3D-CEECFB33843E}.Debug|Any CPU.ActiveCfg = Debug|Any CPU
		{FCD6C897-DA6F-4B9A-AE3D-CEECFB33843E}.Debug|Any CPU.Build.0 = Debug|Any CPU
		{FCD6C897-DA6F-4B9A-AE3D-CEECFB33843E}.Release|Any CPU.ActiveCfg = Release|Any CPU
		{FCD6C897-DA6F-4B9A-AE3D-CEECFB33843E}.Release|Any CPU.Build.0 = Release|Any CPU
		{B1C1E66D-2168-4D61-B2FA-23BC64133A7F}.Debug|Any CPU.ActiveCfg = Debug|Any CPU
		{B1C1E66D-2168-4D61-B2FA-23BC64133A7F}.Debug|Any CPU.Build.0 = Debug|Any CPU
		{B1C1E66D-2168-4D61-B2FA-23BC64133A7F}.Release|Any CPU.ActiveCfg = Release|Any CPU
		{B1C1E66D-2168-4D61-B2FA-23BC64133A7F}.Release|Any CPU.Build.0 = Release|Any CPU
	EndGlobalSection
	GlobalSection(SolutionProperties) = preSolution
		HideSolutionNode = FALSE
	EndGlobalSection
EndGlobal
